
Microsoft Visual Studio Solution File, Format Version 12.00
# Visual Studio Version 16
VisualStudioVersion = 16.0.29911.84
MinimumVisualStudioVersion = 10.0.40219.1
Project("{FAE04EC0-301F-11D3-BF4B-00C04F79EFBC}") = "typeconversion3", "typeconversion3\typeconversion3.csproj", "{2B91A6CB-B058-4CD6-AAD1-8BE6B1A9B814}"
EndProject
Global
	GlobalSection(SolutionConfigurationPlatforms) = preSolution
		Debug|Any CPU = Debug|Any CPU
		Release|Any CPU = Release|Any CPU
	EndGlobalSection
	GlobalSection(ProjectConfigurationPlatforms) = postSolution
		{2B91A6CB-B058-4CD6-AAD1-8BE6B1A9B814}.Debug|Any CPU.ActiveCfg = Debug|Any CPU
		{2B91A6CB-B058-4CD6-AAD1-8BE6B1A9B814}.Debug|Any CPU.Build.0 = Debug|Any CPU
		{2B91A6CB-B058-4CD6-AAD1-8BE6B1A9B814}.Release|Any CPU.ActiveCfg = Release|Any CPU
		{2B91A6CB-B058-4CD6-AAD1-8BE6B1A9B814}.Release|Any CPU.Build.0 = Release|Any CPU
	EndGlobalSection
	GlobalSection(SolutionProperties) = preSolution
		HideSolutionNode = FALSE
	EndGlobalSection
	GlobalSection(ExtensibilityGlobals) = postSolution
		SolutionGuid = {7FF3301E-4443-4611-BF0E-EA338576B84C}
	EndGlobalSection
EndGlobal
