
Microsoft Visual Studio Solution File, Format Version 12.00
# Visual Studio Version 16
VisualStudioVersion = 16.0.29911.84
MinimumVisualStudioVersion = 10.0.40219.1
Project("{FAE04EC0-301F-11D3-BF4B-00C04F79EFBC}") = "helloworld test", "helloworld test\helloworld test.csproj", "{B56250BF-5EBF-4A9C-9EBE-1477ABA212AF}"
EndProject
Global
	GlobalSection(SolutionConfigurationPlatforms) = preSolution
		Debug|Any CPU = Debug|Any CPU
		Release|Any CPU = Release|Any CPU
	EndGlobalSection
	GlobalSection(ProjectConfigurationPlatforms) = postSolution
		{B56250BF-5EBF-4A9C-9EBE-1477ABA212AF}.Debug|Any CPU.ActiveCfg = Debug|Any CPU
		{B56250BF-5EBF-4A9C-9EBE-1477ABA212AF}.Debug|Any CPU.Build.0 = Debug|Any CPU
		{B56250BF-5EBF-4A9C-9EBE-1477ABA212AF}.Release|Any CPU.ActiveCfg = Release|Any CPU
		{B56250BF-5EBF-4A9C-9EBE-1477ABA212AF}.Release|Any CPU.Build.0 = Release|Any CPU
	EndGlobalSection
	GlobalSection(SolutionProperties) = preSolution
		HideSolutionNode = FALSE
	EndGlobalSection
	GlobalSection(ExtensibilityGlobals) = postSolution
		SolutionGuid = {EF1D4334-E362-4041-8743-C16A07DC6642}
	EndGlobalSection
EndGlobal
