
Microsoft Visual Studio Solution File, Format Version 12.00
# Visual Studio Version 16
VisualStudioVersion = 16.0.29911.84
MinimumVisualStudioVersion = 10.0.40219.1
Project("{FAE04EC0-301F-11D3-BF4B-00C04F79EFBC}") = "operators3", "operators3\operators3.csproj", "{0314634B-77BE-4562-A0E7-F37D6690A48E}"
EndProject
Global
	GlobalSection(SolutionConfigurationPlatforms) = preSolution
		Debug|Any CPU = Debug|Any CPU
		Release|Any CPU = Release|Any CPU
	EndGlobalSection
	GlobalSection(ProjectConfigurationPlatforms) = postSolution
		{0314634B-77BE-4562-A0E7-F37D6690A48E}.Debug|Any CPU.ActiveCfg = Debug|Any CPU
		{0314634B-77BE-4562-A0E7-F37D6690A48E}.Debug|Any CPU.Build.0 = Debug|Any CPU
		{0314634B-77BE-4562-A0E7-F37D6690A48E}.Release|Any CPU.ActiveCfg = Release|Any CPU
		{0314634B-77BE-4562-A0E7-F37D6690A48E}.Release|Any CPU.Build.0 = Release|Any CPU
	EndGlobalSection
	GlobalSection(SolutionProperties) = preSolution
		HideSolutionNode = FALSE
	EndGlobalSection
	GlobalSection(ExtensibilityGlobals) = postSolution
		SolutionGuid = {CF5F4209-6CD6-493F-B165-617DB6B23E53}
	EndGlobalSection
EndGlobal
