
Microsoft Visual Studio Solution File, Format Version 12.00
# Visual Studio Version 16
VisualStudioVersion = 16.0.29911.84
MinimumVisualStudioVersion = 10.0.40219.1
Project("{FAE04EC0-301F-11D3-BF4B-00C04F79EFBC}") = "typeconversion4", "typeconversion4\typeconversion4.csproj", "{A5ED9A86-A111-4399-95B5-016AF5EB6C7A}"
EndProject
Global
	GlobalSection(SolutionConfigurationPlatforms) = preSolution
		Debug|Any CPU = Debug|Any CPU
		Release|Any CPU = Release|Any CPU
	EndGlobalSection
	GlobalSection(ProjectConfigurationPlatforms) = postSolution
		{A5ED9A86-A111-4399-95B5-016AF5EB6C7A}.Debug|Any CPU.ActiveCfg = Debug|Any CPU
		{A5ED9A86-A111-4399-95B5-016AF5EB6C7A}.Debug|Any CPU.Build.0 = Debug|Any CPU
		{A5ED9A86-A111-4399-95B5-016AF5EB6C7A}.Release|Any CPU.ActiveCfg = Release|Any CPU
		{A5ED9A86-A111-4399-95B5-016AF5EB6C7A}.Release|Any CPU.Build.0 = Release|Any CPU
	EndGlobalSection
	GlobalSection(SolutionProperties) = preSolution
		HideSolutionNode = FALSE
	EndGlobalSection
	GlobalSection(ExtensibilityGlobals) = postSolution
		SolutionGuid = {4271DD61-4DC7-4A98-87D9-D8B1F1A7685E}
	EndGlobalSection
EndGlobal
