
Microsoft Visual Studio Solution File, Format Version 12.00
# Visual Studio Version 16
VisualStudioVersion = 16.0.29911.84
MinimumVisualStudioVersion = 10.0.40219.1
Project("{FAE04EC0-301F-11D3-BF4B-00C04F79EFBC}") = "typeconversion5", "typeconversion5\typeconversion5.csproj", "{BA65D7E7-9851-4EB5-A709-EE7CE383D458}"
EndProject
Global
	GlobalSection(SolutionConfigurationPlatforms) = preSolution
		Debug|Any CPU = Debug|Any CPU
		Release|Any CPU = Release|Any CPU
	EndGlobalSection
	GlobalSection(ProjectConfigurationPlatforms) = postSolution
		{BA65D7E7-9851-4EB5-A709-EE7CE383D458}.Debug|Any CPU.ActiveCfg = Debug|Any CPU
		{BA65D7E7-9851-4EB5-A709-EE7CE383D458}.Debug|Any CPU.Build.0 = Debug|Any CPU
		{BA65D7E7-9851-4EB5-A709-EE7CE383D458}.Release|Any CPU.ActiveCfg = Release|Any CPU
		{BA65D7E7-9851-4EB5-A709-EE7CE383D458}.Release|Any CPU.Build.0 = Release|Any CPU
	EndGlobalSection
	GlobalSection(SolutionProperties) = preSolution
		HideSolutionNode = FALSE
	EndGlobalSection
	GlobalSection(ExtensibilityGlobals) = postSolution
		SolutionGuid = {0D972395-3059-4A09-BC92-8C416374C2C7}
	EndGlobalSection
EndGlobal
