
Microsoft Visual Studio Solution File, Format Version 12.00
# Visual Studio Version 16
VisualStudioVersion = 16.0.29911.84
MinimumVisualStudioVersion = 10.0.40219.1
Project("{FAE04EC0-301F-11D3-BF4B-00C04F79EFBC}") = "typeconversion2", "typeconversion2\typeconversion2.csproj", "{D7214B37-2B5C-42FA-8B3E-9D01DD1D5054}"
EndProject
Global
	GlobalSection(SolutionConfigurationPlatforms) = preSolution
		Debug|Any CPU = Debug|Any CPU
		Release|Any CPU = Release|Any CPU
	EndGlobalSection
	GlobalSection(ProjectConfigurationPlatforms) = postSolution
		{D7214B37-2B5C-42FA-8B3E-9D01DD1D5054}.Debug|Any CPU.ActiveCfg = Debug|Any CPU
		{D7214B37-2B5C-42FA-8B3E-9D01DD1D5054}.Debug|Any CPU.Build.0 = Debug|Any CPU
		{D7214B37-2B5C-42FA-8B3E-9D01DD1D5054}.Release|Any CPU.ActiveCfg = Release|Any CPU
		{D7214B37-2B5C-42FA-8B3E-9D01DD1D5054}.Release|Any CPU.Build.0 = Release|Any CPU
	EndGlobalSection
	GlobalSection(SolutionProperties) = preSolution
		HideSolutionNode = FALSE
	EndGlobalSection
	GlobalSection(ExtensibilityGlobals) = postSolution
		SolutionGuid = {40A1DE80-6DF1-4C41-BD4F-EC6EDF2CC0FE}
	EndGlobalSection
EndGlobal
